
Microsoft Visual Studio Solution File, Format Version 12.00
# Visual Studio Version 16
VisualStudioVersion = 16.0.31911.196
MinimumVisualStudioVersion = 10.0.40219.1
Project("{2150E333-8FDC-42A3-9474-1A3956D46DE8}") = "Test", "Test", "{A77BCC93-60C9-40A0-9420-F18F417BF44A}"
EndProject
Project("{FAE04EC0-301F-11D3-BF4B-00C04F79EFBC}") = "IsoParser.Api", "IsoParser.Api\IsoParser.Api.csproj", "{AEA39450-3F67-4BA6-A470-C9D240CA2713}"
EndProject
Global
	GlobalSection(SolutionConfigurationPlatforms) = preSolution
		Debug|Any CPU = Debug|Any CPU
		Release|Any CPU = Release|Any CPU
	EndGlobalSection
	GlobalSection(ProjectConfigurationPlatforms) = postSolution
		{AEA39450-3F67-4BA6-A470-C9D240CA2713}.Debug|Any CPU.ActiveCfg = Debug|Any CPU
		{AEA39450-3F67-4BA6-A470-C9D240CA2713}.Debug|Any CPU.Build.0 = Debug|Any CPU
		{AEA39450-3F67-4BA6-A470-C9D240CA2713}.Release|Any CPU.ActiveCfg = Release|Any CPU
		{AEA39450-3F67-4BA6-A470-C9D240CA2713}.Release|Any CPU.Build.0 = Release|Any CPU
	EndGlobalSection
	GlobalSection(SolutionProperties) = preSolution
		HideSolutionNode = FALSE
	EndGlobalSection
	GlobalSection(ExtensibilityGlobals) = postSolution
		SolutionGuid = {80CF4BFF-EF82-448E-A62B-56BF49D84C09}
	EndGlobalSection
EndGlobal
